
Microsoft Visual Studio Solution File, Format Version 12.00
# Visual Studio 15
VisualStudioVersion = 15.0.26730.16
MinimumVisualStudioVersion = 10.0.40219.1
Project("{FAE04EC0-301F-11D3-BF4B-00C04F79EFBC}") = "MarbleBot", "MarbleBot\MarbleBot.csproj", "{60C1F145-407E-4A59-A3DD-6E3047DC9E4E}"
EndProject
Global
	GlobalSection(SolutionConfigurationPlatforms) = preSolution
		Debug|Any CPU = Debug|Any CPU
		Release|Any CPU = Release|Any CPU
	EndGlobalSection
	GlobalSection(ProjectConfigurationPlatforms) = postSolution
		{60C1F145-407E-4A59-A3DD-6E3047DC9E4E}.Debug|Any CPU.ActiveCfg = Debug|Any CPU
		{60C1F145-407E-4A59-A3DD-6E3047DC9E4E}.Debug|Any CPU.Build.0 = Debug|Any CPU
		{60C1F145-407E-4A59-A3DD-6E3047DC9E4E}.Release|Any CPU.ActiveCfg = Release|Any CPU
		{60C1F145-407E-4A59-A3DD-6E3047DC9E4E}.Release|Any CPU.Build.0 = Release|Any CPU
	EndGlobalSection
	GlobalSection(SolutionProperties) = preSolution
		HideSolutionNode = FALSE
	EndGlobalSection
	GlobalSection(ExtensibilityGlobals) = postSolution
		SolutionGuid = {CBC3AD85-C538-4717-BF34-D1BF60B48BE6}
	EndGlobalSection
EndGlobal
